
Microsoft Visual Studio Solution File, Format Version 12.00
# Visual Studio 15
VisualStudioVersion = 15.0.26430.15
MinimumVisualStudioVersion = 10.0.40219.1
Project("{FAE04EC0-301F-11D3-BF4B-00C04F79EFBC}") = "Teste", "Teste\Teste.csproj", "{88D26605-0A83-4944-B8E5-707B7B1ABAEB}"
EndProject
Project("{FAE04EC0-301F-11D3-BF4B-00C04F79EFBC}") = "Table", "Table\Table.csproj", "{E5FC9954-2968-47F8-90F3-ED6EE8782605}"
EndProject
Global
	GlobalSection(SolutionConfigurationPlatforms) = preSolution
		Debug|Any CPU = Debug|Any CPU
		Release|Any CPU = Release|Any CPU
	EndGlobalSection
	GlobalSection(ProjectConfigurationPlatforms) = postSolution
		{88D26605-0A83-4944-B8E5-707B7B1ABAEB}.Debug|Any CPU.ActiveCfg = Debug|Any CPU
		{88D26605-0A83-4944-B8E5-707B7B1ABAEB}.Debug|Any CPU.Build.0 = Debug|Any CPU
		{88D26605-0A83-4944-B8E5-707B7B1ABAEB}.Release|Any CPU.ActiveCfg = Release|Any CPU
		{88D26605-0A83-4944-B8E5-707B7B1ABAEB}.Release|Any CPU.Build.0 = Release|Any CPU
		{E5FC9954-2968-47F8-90F3-ED6EE8782605}.Debug|Any CPU.ActiveCfg = Debug|Any CPU
		{E5FC9954-2968-47F8-90F3-ED6EE8782605}.Debug|Any CPU.Build.0 = Debug|Any CPU
		{E5FC9954-2968-47F8-90F3-ED6EE8782605}.Release|Any CPU.ActiveCfg = Release|Any CPU
		{E5FC9954-2968-47F8-90F3-ED6EE8782605}.Release|Any CPU.Build.0 = Release|Any CPU
	EndGlobalSection
	GlobalSection(SolutionProperties) = preSolution
		HideSolutionNode = FALSE
	EndGlobalSection
EndGlobal
